{
  "version": 4,
  "terraform_version": "1.8.5",
  "serial": 3,
  "lineage": "aef5fc7b-ec92-d142-1f58-19894d8f0f3c",
  "outputs": {},
  "resources": [
    {
      "mode": "managed",
      "type": "google_compute_instance",
      "name": "jenkins-20240613-130624",
      "provider": "provider[\"registry.terraform.io/hashicorp/google\"]",
      "instances": [
        {
          "schema_version": 6,
          "attributes": {
            "advanced_machine_features": [],
            "allow_stopping_for_update": null,
            "attached_disk": [],
            "boot_disk": [
              {
                "auto_delete": true,
                "device_name": "jenkins-20240613-130624",
                "disk_encryption_key_raw": "",
                "disk_encryption_key_sha256": "",
                "initialize_params": [
                  {
                    "enable_confidential_compute": false,
                    "image": "https://www.googleapis.com/compute/v1/projects/cos-cloud/global/images/cos-stable-113-18244-85-14",
                    "labels": {},
                    "provisioned_iops": 0,
                    "provisioned_throughput": 0,
                    "resource_manager_tags": null,
                    "size": 10,
                    "type": "pd-balanced"
                  }
                ],
                "kms_key_self_link": "",
                "mode": "READ_WRITE",
                "source": "https://www.googleapis.com/compute/v1/projects/jenkins-beanstalkapp/zones/asia-south1-a/disks/jenkins-20240601-170445"
              }
            ],
            "can_ip_forward": false,
            "confidential_instance_config": [],
            "cpu_platform": "Intel Cascade Lake",
            "current_status": "RUNNING",
            "deletion_protection": false,
            "description": "",
            "desired_status": null,
            "effective_labels": {
              "container-vm": "cos-stable-113-18244-85-14",
              "goog-ec-src": "vm_add-tf"
            },
            "enable_display": false,
            "guest_accelerator": [],
            "hostname": "",
            "id": "projects/jenkins-beanstalkapp/zones/asia-south1-a/instances/jenkins-20240601-170445",
            "instance_id": "7877310653525148439",
            "label_fingerprint": "l4GuXb9z1sU=",
            "labels": {
              "container-vm": "cos-stable-113-18244-85-14",
              "goog-ec-src": "vm_add-tf"
            },
            "machine_type": "n2-standard-2",
            "metadata": {
              "gce-container-declaration": "spec:\n  containers:\n  - name:jenkins-20240613-130624\n    image:asia-south1-docker.pkg.dev/jenkins-beanstalkapp/jenkins2024/jenkinsv1.0:latest    securityContext:\n      privileged: true\n    stdin: false\n    tty: false\n  restartPolicy: Always\n# This container declaration format is not public API and may change without notice. Please\n# use gcloud command-line tool or Google Cloud Console to run Containers on Google Compute Engine.",
              "google-logging-enabled": "true"
            },
            "metadata_fingerprint": "gm_iUG_2Fz4=",
            "metadata_startup_script": "iptables -t nat -I PREROUTING -p tcp --dport 80 -j REDIRECT --to-port 8080",
            "min_cpu_platform": "",
            "name": "jenkins-20240601-170445",
            "network_interface": [
              {
                "access_config": [
                  {
                    "nat_ip": "35.244.25.58",
                    "network_tier": "PREMIUM",
                    "public_ptr_domain_name": ""
                  }
                ],
                "alias_ip_range": [],
                "internal_ipv6_prefix_length": 0,
                "ipv6_access_config": [],
                "ipv6_access_type": "",
                "ipv6_address": "",
                "name": "nic0",
                "network": "https://www.googleapis.com/compute/v1/projects/jenkins-beanstalkapp/global/networks/default",
                "network_ip": "10.160.0.19",
                "nic_type": "",
                "queue_count": 0,
                "stack_type": "IPV4_ONLY",
                "subnetwork": "https://www.googleapis.com/compute/v1/projects/jenkins-beanstalkapp/regions/asia-south1/subnetworks/default",
                "subnetwork_project": "jenkins-beanstalkapp"
              }
            ],
            "network_performance_config": [],
            "params": [],
            "project": "jenkins-beanstalkapp",
            "reservation_affinity": [],
            "resource_policies": null,
            "scheduling": [
              {
                "automatic_restart": true,
                "instance_termination_action": "",
                "local_ssd_recovery_timeout": [],
                "min_node_cpus": 0,
                "node_affinities": [],
                "on_host_maintenance": "MIGRATE",
                "preemptible": false,
                "provisioning_model": "STANDARD"
              }
            ],
            "scratch_disk": [],
            "self_link": "https://www.googleapis.com/compute/v1/projects/jenkins-beanstalkapp/zones/asia-south1-a/instances/jenkins-20240601-170445",
            "service_account": [
              {
                "email": "vs-167@jenkins-beanstalkapp.iam.gserviceaccount.com",
                "scopes": [
                  "https://www.googleapis.com/auth/cloud-platform"
                ]
              }
            ],
            "shielded_instance_config": [
              {
                "enable_integrity_monitoring": true,
                "enable_secure_boot": false,
                "enable_vtpm": true
              }
            ],
            "tags": [
              "http-server",
              "https-server"
            ],
            "tags_fingerprint": "6smc4R4d39I=",
            "terraform_labels": {
              "container-vm": "cos-stable-113-18244-85-14",
              "goog-ec-src": "vm_add-tf"
            },
            "timeouts": null,
            "zone": "asia-south1-a"
          },
          "sensitive_attributes": [
            [
              {
                "type": "get_attr",
                "value": "boot_disk"
              },
              {
                "type": "index",
                "value": {
                  "value": 0,
                  "type": "number"
                }
              },
              {
                "type": "get_attr",
                "value": "disk_encryption_key_raw"
              }
            ]
          ],
          "private": "eyJlMmJmYjczMC1lY2FhLTExZTYtOGY4OC0zNDM2M2JjN2M0YzAiOnsiY3JlYXRlIjoxMjAwMDAwMDAwMDAwLCJkZWxldGUiOjEyMDAwMDAwMDAwMDAsInVwZGF0ZSI6MTIwMDAwMDAwMDAwMH0sInNjaGVtYV92ZXJzaW9uIjoiNiJ9"
        }
      ]
    }
  ],
  "check_results": null
}
